
Microsoft Visual Studio Solution File, Format Version 12.00
# Visual Studio Version 16
VisualStudioVersion = 16.0.31702.278
MinimumVisualStudioVersion = 10.0.40219.1
Project("{9A19103F-16F7-4668-BE54-9A1E7A4F7556}") = "Chapter.WebApi", "Chapter.WebApi\Chapter.WebApi.csproj", "{5B2C9768-EB68-4241-872B-20DE7A3471AB}"
EndProject
Project("{FAE04EC0-301F-11D3-BF4B-00C04F79EFBC}") = "TestXUnit", "TestXUnit\TestXUnit.csproj", "{8B101D43-B579-4205-9F6A-B1309E671BAD}"
EndProject
Global
	GlobalSection(SolutionConfigurationPlatforms) = preSolution
		Debug|Any CPU = Debug|Any CPU
		Release|Any CPU = Release|Any CPU
	EndGlobalSection
	GlobalSection(ProjectConfigurationPlatforms) = postSolution
		{5B2C9768-EB68-4241-872B-20DE7A3471AB}.Debug|Any CPU.ActiveCfg = Debug|Any CPU
		{5B2C9768-EB68-4241-872B-20DE7A3471AB}.Debug|Any CPU.Build.0 = Debug|Any CPU
		{5B2C9768-EB68-4241-872B-20DE7A3471AB}.Release|Any CPU.ActiveCfg = Release|Any CPU
		{5B2C9768-EB68-4241-872B-20DE7A3471AB}.Release|Any CPU.Build.0 = Release|Any CPU
		{8B101D43-B579-4205-9F6A-B1309E671BAD}.Debug|Any CPU.ActiveCfg = Debug|Any CPU
		{8B101D43-B579-4205-9F6A-B1309E671BAD}.Debug|Any CPU.Build.0 = Debug|Any CPU
		{8B101D43-B579-4205-9F6A-B1309E671BAD}.Release|Any CPU.ActiveCfg = Release|Any CPU
		{8B101D43-B579-4205-9F6A-B1309E671BAD}.Release|Any CPU.Build.0 = Release|Any CPU
	EndGlobalSection
	GlobalSection(SolutionProperties) = preSolution
		HideSolutionNode = FALSE
	EndGlobalSection
	GlobalSection(ExtensibilityGlobals) = postSolution
		SolutionGuid = {F5657845-C6BE-47F4-9E28-D5138712E45C}
	EndGlobalSection
EndGlobal
